
Microsoft Visual Studio Solution File, Format Version 12.00
# Visual Studio 15
VisualStudioVersion = 15.0.27428.2005
MinimumVisualStudioVersion = 10.0.40219.1
Project("{888888A0-9F3D-457C-B088-3A5042F75D52}") = "pytransaction", "pytransaction\pytransaction.pyproj", "{E42A546E-D598-4D26-B93A-9AB139F259AB}"
EndProject
Global
	GlobalSection(SolutionConfigurationPlatforms) = preSolution
		Debug|Any CPU = Debug|Any CPU
		Release|Any CPU = Release|Any CPU
	EndGlobalSection
	GlobalSection(ProjectConfigurationPlatforms) = postSolution
		{E42A546E-D598-4D26-B93A-9AB139F259AB}.Debug|Any CPU.ActiveCfg = Debug|Any CPU
		{E42A546E-D598-4D26-B93A-9AB139F259AB}.Release|Any CPU.ActiveCfg = Release|Any CPU
	EndGlobalSection
	GlobalSection(SolutionProperties) = preSolution
		HideSolutionNode = FALSE
	EndGlobalSection
	GlobalSection(ExtensibilityGlobals) = postSolution
		SolutionGuid = {3EE30AEF-3656-44DE-8C90-F4E33F9ECBD3}
	EndGlobalSection
EndGlobal
